// !$*UTF8*$!
{
	archiveVersion = 1;
	classes = {
	};
	objectVersion = 51;
	objects = {

/* Begin PBXBuildFile section */
		BD1A9B53252B88AB0033AD0C /* AppDelegate.swift in Sources */ = {isa = PBXBuildFile; fileRef = BD1A9B52252B88AB0033AD0C /* AppDelegate.swift */; };
		BD1A9B55252B88AB0033AD0C /* SceneDelegate.swift in Sources */ = {isa = PBXBuildFile; fileRef = BD1A9B54252B88AB0033AD0C /* SceneDelegate.swift */; };
		BD1A9B5A252B88AC0033AD0C /* Main.storyboard in Resources */ = {isa = PBXBuildFile; fileRef = BD1A9B58252B88AC0033AD0C /* Main.storyboard */; };
		BD1A9B5C252B88AD0033AD0C /* Assets.xcassets in Resources */ = {isa = PBXBuildFile; fileRef = BD1A9B5B252B88AD0033AD0C /* Assets.xcassets */; };
		BD1A9B5F252B88AD0033AD0C /* LaunchScreen.storyboard in Resources */ = {isa = PBXBuildFile; fileRef = BD1A9B5D252B88AD0033AD0C /* LaunchScreen.storyboard */; };
		BD1A9B67252B8A890033AD0C /* LoginViewController.swift in Sources */ = {isa = PBXBuildFile; fileRef = BD1A9B66252B8A890033AD0C /* LoginViewController.swift */; };
		BD1A9B69252B8A980033AD0C /* FeedViewController.swift in Sources */ = {isa = PBXBuildFile; fileRef = BD1A9B68252B8A980033AD0C /* FeedViewController.swift */; };
		BD57EC42252BDD0C00E06327 /* CameraViewController.swift in Sources */ = {isa = PBXBuildFile; fileRef = BD57EC41252BDD0C00E06327 /* CameraViewController.swift */; };
		BD57EC44252BEFFC00E06327 /* PostCell.swift in Sources */ = {isa = PBXBuildFile; fileRef = BD57EC43252BEFFC00E06327 /* PostCell.swift */; };
		BDF609212535670200A1E9BC /* commentCell.swift in Sources */ = {isa = PBXBuildFile; fileRef = BDF609202535670200A1E9BC /* commentCell.swift */; };
		E4A4971176194F52D1B489E8 /* Pods_Parstagram.framework in Frameworks */ = {isa = PBXBuildFile; fileRef = E7B3FE6AFA31D9389534963C /* Pods_Parstagram.framework */; };
/* End PBXBuildFile section */

/* Begin PBXFileReference section */
		185DC473145729AD1BC60C4D /* Pods-Parstagram.release.xcconfig */ = {isa = PBXFileReference; includeInIndex = 1; lastKnownFileType = text.xcconfig; name = "Pods-Parstagram.release.xcconfig"; path = "Target Support Files/Pods-Parstagram/Pods-Parstagram.release.xcconfig"; sourceTree = "<group>"; };
		249F5C0E82731C90DF940DDC /* Pods-Parstagram.debug.xcconfig */ = {isa = PBXFileReference; includeInIndex = 1; lastKnownFileType = text.xcconfig; name = "Pods-Parstagram.debug.xcconfig"; path = "Target Support Files/Pods-Parstagram/Pods-Parstagram.debug.xcconfig"; sourceTree = "<group>"; };
		BD1A9B4F252B88AB0033AD0C /* Parstagram.app */ = {isa = PBXFileReference; explicitFileType = wrapper.application; includeInIndex = 0; path = Parstagram.app; sourceTree = BUILT_PRODUCTS_DIR; };
		BD1A9B52252B88AB0033AD0C /* AppDelegate.swift */ = {isa = PBXFileReference; lastKnownFileType = sourcecode.swift; path = AppDelegate.swift; sourceTree = "<group>"; };
		BD1A9B54252B88AB0033AD0C /* SceneDelegate.swift */ = {isa = PBXFileReference; lastKnownFileType = sourcecode.swift; path = SceneDelegate.swift; sourceTree = "<group>"; };
		BD1A9B59252B88AC0033AD0C /* Base */ = {isa = PBXFileReference; lastKnownFileType = file.storyboard; name = Base; path = Base.lproj/Main.storyboard; sourceTree = "<group>"; };
		BD1A9B5B252B88AD0033AD0C /* Assets.xcassets */ = {isa = PBXFileReference; lastKnownFileType = folder.assetcatalog; path = Assets.xcassets; sourceTree = "<group>"; };
		BD1A9B5E252B88AD0033AD0C /* Base */ = {isa = PBXFileReference; lastKnownFileType = file.storyboard; name = Base; path = Base.lproj/LaunchScreen.storyboard; sourceTree = "<group>"; };
		BD1A9B60252B88AD0033AD0C /* Info.plist */ = {isa = PBXFileReference; lastKnownFileType = text.plist.xml; path = Info.plist; sourceTree = "<group>"; };
		BD1A9B66252B8A890033AD0C /* LoginViewController.swift */ = {isa = PBXFileReference; lastKnownFileType = sourcecode.swift; path = LoginViewController.swift; sourceTree = "<group>"; };
		BD1A9B68252B8A980033AD0C /* FeedViewController.swift */ = {isa = PBXFileReference; lastKnownFileType = sourcecode.swift; path = FeedViewController.swift; sourceTree = "<group>"; };
		BD57EC41252BDD0C00E06327 /* CameraViewController.swift */ = {isa = PBXFileReference; lastKnownFileType = sourcecode.swift; path = CameraViewController.swift; sourceTree = "<group>"; };
		BD57EC43252BEFFC00E06327 /* PostCell.swift */ = {isa = PBXFileReference; lastKnownFileType = sourcecode.swift; path = PostCell.swift; sourceTree = "<group>"; };
		BDF609202535670200A1E9BC /* commentCell.swift */ = {isa = PBXFileReference; lastKnownFileType = sourcecode.swift; path = commentCell.swift; sourceTree = "<group>"; };
		E7B3FE6AFA31D9389534963C /* Pods_Parstagram.framework */ = {isa = PBXFileReference; explicitFileType = wrapper.framework; includeInIndex = 0; path = Pods_Parstagram.framework; sourceTree = BUILT_PRODUCTS_DIR; };
/* End PBXFileReference section */

/* Begin PBXFrameworksBuildPhase section */
		BD1A9B4C252B88AB0033AD0C /* Frameworks */ = {
			isa = PBXFrameworksBuildPhase;
			buildActionMask = 2147483647;
			files = (
				E4A4971176194F52D1B489E8 /* Pods_Parstagram.framework in Frameworks */,
			);
			runOnlyForDeploymentPostprocessing = 0;
		};
/* End PBXFrameworksBuildPhase section */

/* Begin PBXGroup section */
		A8E961CC4BC60617B59CC94C /* Frameworks */ = {
			isa = PBXGroup;
			children = (
				E7B3FE6AFA31D9389534963C /* Pods_Parstagram.framework */,
			);
			name = Frameworks;
			sourceTree = "<group>";
		};
		BD1A9B46252B88AB0033AD0C = {
			isa = PBXGroup;
			children = (
				BD1A9B51252B88AB0033AD0C /* Parstagram */,
				BD1A9B50252B88AB0033AD0C /* Products */,
				E93EAF92BAF60975772DEC1A /* Pods */,
				A8E961CC4BC60617B59CC94C /* Frameworks */,
			);
			sourceTree = "<group>";
		};
		BD1A9B50252B88AB0033AD0C /* Products */ = {
			isa = PBXGroup;
			children = (
				BD1A9B4F252B88AB0033AD0C /* Parstagram.app */,
			);
			name = Products;
			sourceTree = "<group>";
		};
		BD1A9B51252B88AB0033AD0C /* Parstagram */ = {
			isa = PBXGroup;
			children = (
				BD1A9B52252B88AB0033AD0C /* AppDelegate.swift */,
				BD1A9B54252B88AB0033AD0C /* SceneDelegate.swift */,
				BD1A9B58252B88AC0033AD0C /* Main.storyboard */,
				BD1A9B5B252B88AD0033AD0C /* Assets.xcassets */,
				BD1A9B5D252B88AD0033AD0C /* LaunchScreen.storyboard */,
				BD1A9B60252B88AD0033AD0C /* Info.plist */,
				BD1A9B66252B8A890033AD0C /* LoginViewController.swift */,
				BD1A9B68252B8A980033AD0C /* FeedViewController.swift */,
				BD57EC41252BDD0C00E06327 /* CameraViewController.swift */,
				BD57EC43252BEFFC00E06327 /* PostCell.swift */,
				BDF609202535670200A1E9BC /* commentCell.swift */,
			);
			path = Parstagram;
			sourceTree = "<group>";
		};
		E93EAF92BAF60975772DEC1A /* Pods */ = {
			isa = PBXGroup;
			children = (
				249F5C0E82731C90DF940DDC /* Pods-Parstagram.debug.xcconfig */,
				185DC473145729AD1BC60C4D /* Pods-Parstagram.release.xcconfig */,
			);
			path = Pods;
			sourceTree = "<group>";
		};
/* End PBXGroup section */

/* Begin PBXNativeTarget section */
		BD1A9B4E252B88AB0033AD0C /* Parstagram */ = {
			isa = PBXNativeTarget;
			buildConfigurationList = BD1A9B63252B88AD0033AD0C /* Build configuration list for PBXNativeTarget "Parstagram" */;
			buildPhases = (
				36B2EBDE5188134815387BF0 /* [CP] Check Pods Manifest.lock */,
				BD1A9B4B252B88AB0033AD0C /* Sources */,
				BD1A9B4C252B88AB0033AD0C /* Frameworks */,
				BD1A9B4D252B88AB0033AD0C /* Resources */,
				0570097E88DF7889C45667BA /* [CP] Embed Pods Frameworks */,
			);
			buildRules = (
			);
			dependencies = (
			);
			name = Parstagram;
			productName = Parstagram;
			productReference = BD1A9B4F252B88AB0033AD0C /* Parstagram.app */;
			productType = "com.apple.product-type.application";
		};
/* End PBXNativeTarget section */

/* Begin PBXProject section */
		BD1A9B47252B88AB0033AD0C /* Project object */ = {
			isa = PBXProject;
			attributes = {
				LastSwiftUpdateCheck = 1160;
				LastUpgradeCheck = 1160;
				ORGANIZATIONNAME = Thuyvan;
				TargetAttributes = {
					BD1A9B4E252B88AB0033AD0C = {
						CreatedOnToolsVersion = 11.6;
					};
				};
			};
			buildConfigurationList = BD1A9B4A252B88AB0033AD0C /* Build configuration list for PBXProject "Parstagram" */;
			compatibilityVersion = "Xcode 9.3";
			developmentRegion = en;
			hasScannedForEncodings = 0;
			knownRegions = (
				en,
				Base,
			);
			mainGroup = BD1A9B46252B88AB0033AD0C;
			productRefGroup = BD1A9B50252B88AB0033AD0C /* Products */;
			projectDirPath = "";
			projectRoot = "";
			targets = (
				BD1A9B4E252B88AB0033AD0C /* Parstagram */,
			);
		};
/* End PBXProject section */

/* Begin PBXResourcesBuildPhase section */
		BD1A9B4D252B88AB0033AD0C /* Resources */ = {
			isa = PBXResourcesBuildPhase;
			buildActionMask = 2147483647;
			files = (
				BD1A9B5F252B88AD0033AD0C /* LaunchScreen.storyboard in Resources */,
				BD1A9B5C252B88AD0033AD0C /* Assets.xcassets in Resources */,
				BD1A9B5A252B88AC0033AD0C /* Main.storyboard in Resources */,
			);
			runOnlyForDeploymentPostprocessing = 0;
		};
/* End PBXResourcesBuildPhase section */

/* Begin PBXShellScriptBuildPhase section */
		0570097E88DF7889C45667BA /* [CP] Embed Pods Frameworks */ = {
			isa = PBXShellScriptBuildPhase;
			buildActionMask = 2147483647;
			files = (
			);
			inputFileListPaths = (
				"${PODS_ROOT}/Target Support Files/Pods-Parstagram/Pods-Parstagram-frameworks-${CONFIGURATION}-input-files.xcfilelist",
			);
			name = "[CP] Embed Pods Frameworks";
			outputFileListPaths = (
				"${PODS_ROOT}/Target Support Files/Pods-Parstagram/Pods-Parstagram-frameworks-${CONFIGURATION}-output-files.xcfilelist",
			);
			runOnlyForDeploymentPostprocessing = 0;
			shellPath = /bin/sh;
			shellScript = "\"${PODS_ROOT}/Target Support Files/Pods-Parstagram/Pods-Parstagram-frameworks.sh\"\n";
			showEnvVarsInLog = 0;
		};
		36B2EBDE5188134815387BF0 /* [CP] Check Pods Manifest.lock */ = {
			isa = PBXShellScriptBuildPhase;
			buildActionMask = 2147483647;
			files = (
			);
			inputFileListPaths = (
			);
			inputPaths = (
				"${PODS_PODFILE_DIR_PATH}/Podfile.lock",
				"${PODS_ROOT}/Manifest.lock",
			);
			name = "[CP] Check Pods Manifest.lock";
			outputFileListPaths = (
			);
			outputPaths = (
				"$(DERIVED_FILE_DIR)/Pods-Parstagram-checkManifestLockResult.txt",
			);
			runOnlyForDeploymentPostprocessing = 0;
			shellPath = /bin/sh;
			shellScript = "diff \"${PODS_PODFILE_DIR_PATH}/Podfile.lock\" \"${PODS_ROOT}/Manifest.lock\" > /dev/null\nif [ $? != 0 ] ; then\n    # print error to STDERR\n    echo \"error: The sandbox is not in sync with the Podfile.lock. Run 'pod install' or update your CocoaPods installation.\" >&2\n    exit 1\nfi\n# This output is used by Xcode 'outputs' to avoid re-running this script phase.\necho \"SUCCESS\" > \"${SCRIPT_OUTPUT_FILE_0}\"\n";
			showEnvVarsInLog = 0;
		};
/* End PBXShellScriptBuildPhase section */

/* Begin PBXSourcesBuildPhase section */
		BD1A9B4B252B88AB0033AD0C /* Sources */ = {
			isa = PBXSourcesBuildPhase;
			buildActionMask = 2147483647;
			files = (
				BD1A9B67252B8A890033AD0C /* LoginViewController.swift in Sources */,
				BDF609212535670200A1E9BC /* commentCell.swift in Sources */,
				BD57EC42252BDD0C00E06327 /* CameraViewController.swift in Sources */,
				BD1A9B53252B88AB0033AD0C /* AppDelegate.swift in Sources */,
				BD1A9B69252B8A980033AD0C /* FeedViewController.swift in Sources */,
				BD1A9B55252B88AB0033AD0C /* SceneDelegate.swift in Sources */,
				BD57EC44252BEFFC00E06327 /* PostCell.swift in Sources */,
			);
			runOnlyForDeploymentPostprocessing = 0;
		};
/* End PBXSourcesBuildPhase section */

/* Begin PBXVariantGroup section */
		BD1A9B58252B88AC0033AD0C /* Main.storyboard */ = {
			isa = PBXVariantGroup;
			children = (
				BD1A9B59252B88AC0033AD0C /* Base */,
			);
			name = Main.storyboard;
			sourceTree = "<group>";
		};
		BD1A9B5D252B88AD0033AD0C /* LaunchScreen.storyboard */ = {
			isa = PBXVariantGroup;
			children = (
				BD1A9B5E252B88AD0033AD0C /* Base */,
			);
			name = LaunchScreen.storyboard;
			sourceTree = "<group>";
		};
/* End PBXVariantGroup section */

/* Begin XCBuildConfiguration section */
		BD1A9B61252B88AD0033AD0C /* Debug */ = {
			isa = XCBuildConfiguration;
			buildSettings = {
				ALWAYS_SEARCH_USER_PATHS = NO;
				CLANG_ANALYZER_NONNULL = YES;
				CLANG_ANALYZER_NUMBER_OBJECT_CONVERSION = YES_AGGRESSIVE;
				CLANG_CXX_LANGUAGE_STANDARD = "gnu++14";
				CLANG_CXX_LIBRARY = "libc++";
				CLANG_ENABLE_MODULES = YES;
				CLANG_ENABLE_OBJC_ARC = YES;
				CLANG_ENABLE_OBJC_WEAK = YES;
				CLANG_WARN_BLOCK_CAPTURE_AUTORELEASING = YES;
				CLANG_WARN_BOOL_CONVERSION = YES;
				CLANG_WARN_COMMA = YES;
				CLANG_WARN_CONSTANT_CONVERSION = YES;
				CLANG_WARN_DEPRECATED_OBJC_IMPLEMENTATIONS = YES;
				CLANG_WARN_DIRECT_OBJC_ISA_USAGE = YES_ERROR;
				CLANG_WARN_DOCUMENTATION_COMMENTS = YES;
				CLANG_WARN_EMPTY_BODY = YES;
				CLANG_WARN_ENUM_CONVERSION = YES;
				CLANG_WARN_INFINITE_RECURSION = YES;
				CLANG_WARN_INT_CONVERSION = YES;
				CLANG_WARN_NON_LITERAL_NULL_CONVERSION = YES;
				CLANG_WARN_OBJC_IMPLICIT_RETAIN_SELF = YES;
				CLANG_WARN_OBJC_LITERAL_CONVERSION = YES;
				CLANG_WARN_OBJC_ROOT_CLASS = YES_ERROR;
				CLANG_WARN_RANGE_LOOP_ANALYSIS = YES;
				CLANG_WARN_STRICT_PROTOTYPES = YES;
				CLANG_WARN_SUSPICIOUS_MOVE = YES;
				CLANG_WARN_UNGUARDED_AVAILABILITY = YES_AGGRESSIVE;
				CLANG_WARN_UNREACHABLE_CODE = YES;
				CLANG_WARN__DUPLICATE_METHOD_MATCH = YES;
				COPY_PHASE_STRIP = NO;
				DEBUG_INFORMATION_FORMAT = dwarf;
				ENABLE_STRICT_OBJC_MSGSEND = YES;
				ENABLE_TESTABILITY = YES;
				GCC_C_LANGUAGE_STANDARD = gnu11;
				GCC_DYNAMIC_NO_PIC = NO;
				GCC_NO_COMMON_BLOCKS = YES;
				GCC_OPTIMIZATION_LEVEL = 0;
				GCC_PREPROCESSOR_DEFINITIONS = (
					"DEBUG=1",
					"$(inherited)",
				);
				GCC_WARN_64_TO_32_BIT_CONVERSION = YES;
				GCC_WARN_ABOUT_RETURN_TYPE = YES_ERROR;
				GCC_WARN_UNDECLARED_SELECTOR = YES;
				GCC_WARN_UNINITIALIZED_AUTOS = YES_AGGRESSIVE;
				GCC_WARN_UNUSED_FUNCTION = YES;
				GCC_WARN_UNUSED_VARIABLE = YES;
				IPHONEOS_DEPLOYMENT_TARGET = 13.6;
				MTL_ENABLE_DEBUG_INFO = INCLUDE_SOURCE;
				MTL_FAST_MATH = YES;
				ONLY_ACTIVE_ARCH = YES;
				SDKROOT = iphoneos;
				SWIFT_ACTIVE_COMPILATION_CONDITIONS = DEBUG;
				SWIFT_OPTIMIZATION_LEVEL = "-Onone";
			};
			name = Debug;
		};
		BD1A9B62252B88AD0033AD0C /* Release */ = {
			isa = XCBuildConfiguration;
			buildSettings = {
				ALWAYS_SEARCH_USER_PATHS = NO;
				CLANG_ANALYZER_NONNULL = YES;
				CLANG_ANALYZER_NUMBER_OBJECT_CONVERSION = YES_AGGRESSIVE;
				CLANG_CXX_LANGUAGE_STANDARD = "gnu++14";
				CLANG_CXX_LIBRARY = "libc++";
				CLANG_ENABLE_MODULES = YES;
				CLANG_ENABLE_OBJC_ARC = YES;
				CLANG_ENABLE_OBJC_WEAK = YES;
				CLANG_WARN_BLOCK_CAPTURE_AUTORELEASING = YES;
				CLANG_WARN_BOOL_CONVERSION = YES;
				CLANG_WARN_COMMA = YES;
				CLANG_WARN_CONSTANT_CONVERSION = YES;
				CLANG_WARN_DEPRECATED_OBJC_IMPLEMENTATIONS = YES;
				CLANG_WARN_DIRECT_OBJC_ISA_USAGE = YES_ERROR;
				CLANG_WARN_DOCUMENTATION_COMMENTS = YES;
				CLANG_WARN_EMPTY_BODY = YES;
				CLANG_WARN_ENUM_CONVERSION = YES;
				CLANG_WARN_INFINITE_RECURSION = YES;
				CLANG_WARN_INT_CONVERSION = YES;
				CLANG_WARN_NON_LITERAL_NULL_CONVERSION = YES;
				CLANG_WARN_OBJC_IMPLICIT_RETAIN_SELF = YES;
				CLANG_WARN_OBJC_LITERAL_CONVERSION = YES;
				CLANG_WARN_OBJC_ROOT_CLASS = YES_ERROR;
				CLANG_WARN_RANGE_LOOP_ANALYSIS = YES;
				CLANG_WARN_STRICT_PROTOTYPES = YES;
				CLANG_WARN_SUSPICIOUS_MOVE = YES;
				CLANG_WARN_UNGUARDED_AVAILABILITY = YES_AGGRESSIVE;
				CLANG_WARN_UNREACHABLE_CODE = YES;
				CLANG_WARN__DUPLICATE_METHOD_MATCH = YES;
				COPY_PHASE_STRIP = NO;
				DEBUG_INFORMATION_FORMAT = "dwarf-with-dsym";
				ENABLE_NS_ASSERTIONS = NO;
				ENABLE_STRICT_OBJC_MSGSEND = YES;
				GCC_C_LANGUAGE_STANDARD = gnu11;
				GCC_NO_COMMON_BLOCKS = YES;
				GCC_WARN_64_TO_32_BIT_CONVERSION = YES;
				GCC_WARN_ABOUT_RETURN_TYPE = YES_ERROR;
				GCC_WARN_UNDECLARED_SELECTOR = YES;
				GCC_WARN_UNINITIALIZED_AUTOS = YES_AGGRESSIVE;
				GCC_WARN_UNUSED_FUNCTION = YES;
				GCC_WARN_UNUSED_VARIABLE = YES;
				IPHONEOS_DEPLOYMENT_TARGET = 13.6;
				MTL_ENABLE_DEBUG_INFO = NO;
				MTL_FAST_MATH = YES;
				SDKROOT = iphoneos;
				SWIFT_COMPILATION_MODE = wholemodule;
				SWIFT_OPTIMIZATION_LEVEL = "-O";
				VALIDATE_PRODUCT = YES;
			};
			name = Release;
		};
		BD1A9B64252B88AD0033AD0C /* Debug */ = {
			isa = XCBuildConfiguration;
			baseConfigurationReference = 249F5C0E82731C90DF940DDC /* Pods-Parstagram.debug.xcconfig */;
			buildSettings = {
				ASSETCATALOG_COMPILER_APPICON_NAME = AppIcon;
				CODE_SIGN_STYLE = Automatic;
				DEVELOPMENT_TEAM = UN7X7C8B84;
				INFOPLIST_FILE = Parstagram/Info.plist;
				LD_RUNPATH_SEARCH_PATHS = (
					"$(inherited)",
					"@executable_path/Frameworks",
				);
				PRODUCT_BUNDLE_IDENTIFIER = Parstagram.Parstagram;
				PRODUCT_NAME = "$(TARGET_NAME)";
				SWIFT_VERSION = 5.0;
				TARGETED_DEVICE_FAMILY = "1,2";
			};
			name = Debug;
		};
		BD1A9B65252B88AD0033AD0C /* Release */ = {
			isa = XCBuildConfiguration;
			baseConfigurationReference = 185DC473145729AD1BC60C4D /* Pods-Parstagram.release.xcconfig */;
			buildSettings = {
				ASSETCATALOG_COMPILER_APPICON_NAME = AppIcon;
				CODE_SIGN_STYLE = Automatic;
				DEVELOPMENT_TEAM = UN7X7C8B84;
				INFOPLIST_FILE = Parstagram/Info.plist;
				LD_RUNPATH_SEARCH_PATHS = (
					"$(inherited)",
					"@executable_path/Frameworks",
				);
				PRODUCT_BUNDLE_IDENTIFIER = Parstagram.Parstagram;
				PRODUCT_NAME = "$(TARGET_NAME)";
				SWIFT_VERSION = 5.0;
				TARGETED_DEVICE_FAMILY = "1,2";
			};
			name = Release;
		};
/* End XCBuildConfiguration section */

/* Begin XCConfigurationList section */
		BD1A9B4A252B88AB0033AD0C /* Build configuration list for PBXProject "Parstagram" */ = {
			isa = XCConfigurationList;
			buildConfigurations = (
				BD1A9B61252B88AD0033AD0C /* Debug */,
				BD1A9B62252B88AD0033AD0C /* Release */,
			);
			defaultConfigurationIsVisible = 0;
			defaultConfigurationName = Release;
		};
		BD1A9B63252B88AD0033AD0C /* Build configuration list for PBXNativeTarget "Parstagram" */ = {
			isa = XCConfigurationList;
			buildConfigurations = (
				BD1A9B64252B88AD0033AD0C /* Debug */,
				BD1A9B65252B88AD0033AD0C /* Release */,
			);
			defaultConfigurationIsVisible = 0;
			defaultConfigurationName = Release;
		};
/* End XCConfigurationList section */
	};
	rootObject = BD1A9B47252B88AB0033AD0C /* Project object */;
}
